<?xml version="1.0" encoding="utf-8"?>
<Project ToolsVersion="4.0" xmlns="http://schemas.microsoft.com/developer/msbuild/2003">
  <ItemGroup>
    <Filter Include="源文件">
      <UniqueIdentifier>{4FC737F1-C7A5-4376-A066-2A32D752A2FF}</UniqueIdentifier>
      <Extensions>cpp;c;cc;cxx;c++;cppm;ixx;def;odl;idl;hpj;bat;asm;asmx</Extensions>
    </Filter>
    <Filter Include="头文件">
      <UniqueIdentifier>{93995380-89BD-4b04-88EB-625FBE52EBFB}</UniqueIdentifier>
      <Extensions>h;hh;hpp;hxx;h++;hm;inl;inc;ipp;xsd</Extensions>
    </Filter>
    <Filter Include="资源文件">
      <UniqueIdentifier>{67DA6AB6-F800-4c08-8B7A-83BB121AAD01}</UniqueIdentifier>
      <Extensions>rc;ico;cur;bmp;dlg;rc2;rct;bin;rgs;gif;jpg;jpeg;jpe;resx;tiff;tif;png;wav;mfcribbon-ms</Extensions>
    </Filter>
  </ItemGroup>
  <ItemGroup>
    <ClCompile Include="main.cpp">
      <Filter>源文件</Filter>
    </ClCompile>
    <ClCompile Include="TControl\TWindow.cpp">
      <Filter>源文件</Filter>
    </ClCompile>
    <ClCompile Include="TControl\ControlStyle.cpp">
      <Filter>源文件</Filter>
    </ClCompile>
    <ClCompile Include="TControl\TStatic.cpp">
      <Filter>源文件</Filter>
    </ClCompile>
    <ClCompile Include="MainWindow.cpp">
      <Filter>源文件</Filter>
    </ClCompile>
    <ClCompile Include="TSmallWindow.cpp">
      <Filter>源文件</Filter>
    </ClCompile>
    <ClCompile Include="TControl\TControl.cpp">
      <Filter>源文件</Filter>
    </ClCompile>
    <ClCompile Include="TControl\TButton.cpp">
      <Filter>源文件</Filter>
    </ClCompile>
    <ClCompile Include="OpenGL\TTexture.cpp">
      <Filter>源文件</Filter>
    </ClCompile>
    <ClCompile Include="Media\MyComplex.cpp">
      <Filter>源文件</Filter>
    </ClCompile>
    <ClCompile Include="Media\WaveFile.cpp">
      <Filter>源文件</Filter>
    </ClCompile>
    <ClCompile Include="Media\WaveOut.cpp">
      <Filter>源文件</Filter>
    </ClCompile>
    <ClCompile Include="OpenGL\TFixedSpirit.cpp">
      <Filter>源文件</Filter>
    </ClCompile>
    <ClCompile Include="OpenGL\TFreeType.cpp">
      <Filter>源文件</Filter>
    </ClCompile>
    <ClCompile Include="OpenGL\TFixedFreeType.cpp">
      <Filter>源文件</Filter>
    </ClCompile>
    <ClCompile Include="OpenGL\TBoxWithTex.cpp">
      <Filter>源文件</Filter>
    </ClCompile>
    <ClCompile Include="OpenGL\TVertexArray.cpp">
      <Filter>源文件</Filter>
    </ClCompile>
    <ClCompile Include="OpenGL\TBox.cpp">
      <Filter>源文件</Filter>
    </ClCompile>
    <ClCompile Include="OpenGL\gl_assit.cpp">
      <Filter>源文件</Filter>
    </ClCompile>
    <ClCompile Include="OpenGL\TBoxFreeType.cpp">
      <Filter>源文件</Filter>
    </ClCompile>
    <ClCompile Include="StarRender\Star.cpp">
      <Filter>源文件</Filter>
    </ClCompile>
    <ClCompile Include="StarRender\StarRender.cpp">
      <Filter>源文件</Filter>
    </ClCompile>
    <ClCompile Include="Common\TIniFile.cpp">
      <Filter>源文件</Filter>
    </ClCompile>
    <ClCompile Include="GLControl\TGLButton.cpp">
      <Filter>源文件</Filter>
    </ClCompile>
    <ClCompile Include="GLControl\TGLEdit.cpp">
      <Filter>源文件</Filter>
    </ClCompile>
    <ClCompile Include="GLDialog\TGLDialog.cpp">
      <Filter>源文件</Filter>
    </ClCompile>
    <ClCompile Include="GLDialog\TGLEditDialog.cpp">
      <Filter>源文件</Filter>
    </ClCompile>
    <ClCompile Include="GLDialog\TGLMessageBox.cpp">
      <Filter>源文件</Filter>
    </ClCompile>
    <ClCompile Include="Dialog\GLNetworkDialog.cpp">
      <Filter>源文件</Filter>
    </ClCompile>
    <ClCompile Include="Dialog\GLUsernameDialog.cpp">
      <Filter>源文件</Filter>
    </ClCompile>
    <ClCompile Include="Network\MySocket.cpp">
      <Filter>源文件</Filter>
    </ClCompile>
    <ClCompile Include="GLTeamButton.cpp">
      <Filter>源文件</Filter>
    </ClCompile>
    <ClCompile Include="ColorConfig.cpp">
      <Filter>源文件</Filter>
    </ClCompile>
    <ClCompile Include="GLControl\TGLColorCombo.cpp">
      <Filter>源文件</Filter>
    </ClCompile>
    <ClCompile Include="Scene\Scene.cpp">
      <Filter>源文件</Filter>
    </ClCompile>
    <ClCompile Include="Scene\SceneController.cpp">
      <Filter>源文件</Filter>
    </ClCompile>
    <ClCompile Include="Scene\SceneCover.cpp">
      <Filter>源文件</Filter>
    </ClCompile>
    <ClCompile Include="Scene\SceneIntro.cpp">
      <Filter>源文件</Filter>
    </ClCompile>
    <ClCompile Include="Scene\SceneMatch.cpp">
      <Filter>源文件</Filter>
    </ClCompile>
    <ClCompile Include="Scene\ScenePrepRoom.cpp">
      <Filter>源文件</Filter>
    </ClCompile>
    <ClCompile Include="Scene\SceneYukiDispr.cpp">
      <Filter>源文件</Filter>
    </ClCompile>
    <ClCompile Include="AI\GameAI.cpp">
      <Filter>源文件</Filter>
    </ClCompile>
  </ItemGroup>
  <ItemGroup>
    <ClInclude Include="Common\tstring.h">
      <Filter>头文件</Filter>
    </ClInclude>
    <ClInclude Include="TControl\TWindow.h">
      <Filter>头文件</Filter>
    </ClInclude>
    <ClInclude Include="TControl\ControlStyle.h">
      <Filter>头文件</Filter>
    </ClInclude>
    <ClInclude Include="TControl\TStatic.h">
      <Filter>头文件</Filter>
    </ClInclude>
    <ClInclude Include="MainWindow.h">
      <Filter>头文件</Filter>
    </ClInclude>
    <ClInclude Include="TSmallWindow.h">
      <Filter>头文件</Filter>
    </ClInclude>
    <ClInclude Include="TControl\TControl.h">
      <Filter>头文件</Filter>
    </ClInclude>
    <ClInclude Include="TControl\TButton.h">
      <Filter>头文件</Filter>
    </ClInclude>
    <ClInclude Include="Common\stb_image.h">
      <Filter>头文件</Filter>
    </ClInclude>
    <ClInclude Include="OpenGL\TTexture.h">
      <Filter>头文件</Filter>
    </ClInclude>
    <ClInclude Include="OpenGL\gl_assist.h">
      <Filter>头文件</Filter>
    </ClInclude>
    <ClInclude Include="Media\MyComplex.h">
      <Filter>头文件</Filter>
    </ClInclude>
    <ClInclude Include="Media\WaveFile.h">
      <Filter>头文件</Filter>
    </ClInclude>
    <ClInclude Include="Media\WaveOut.h">
      <Filter>头文件</Filter>
    </ClInclude>
    <ClInclude Include="resource.h">
      <Filter>头文件</Filter>
    </ClInclude>
    <ClInclude Include="OpenGL\TFixedSpirit.h">
      <Filter>头文件</Filter>
    </ClInclude>
    <ClInclude Include="OpenGL\TFreeType.h">
      <Filter>头文件</Filter>
    </ClInclude>
    <ClInclude Include="OpenGL\TFixedFreeType.h">
      <Filter>头文件</Filter>
    </ClInclude>
    <ClInclude Include="OpenGL\TBoxWithTex.h">
      <Filter>头文件</Filter>
    </ClInclude>
    <ClInclude Include="OpenGL\TVertexArray.h">
      <Filter>头文件</Filter>
    </ClInclude>
    <ClInclude Include="OpenGL\TBox.h">
      <Filter>头文件</Filter>
    </ClInclude>
    <ClInclude Include="OpenGL\TBoxFreeType.h">
      <Filter>头文件</Filter>
    </ClInclude>
    <ClInclude Include="ExternResource.h">
      <Filter>头文件</Filter>
    </ClInclude>
    <ClInclude Include="StarRender\Star.h">
      <Filter>头文件</Filter>
    </ClInclude>
    <ClInclude Include="StarRender\StarRender.h">
      <Filter>头文件</Filter>
    </ClInclude>
    <ClInclude Include="Common\TIniFile.h">
      <Filter>头文件</Filter>
    </ClInclude>
    <ClInclude Include="GLControl\TGLEdit.h">
      <Filter>头文件</Filter>
    </ClInclude>
    <ClInclude Include="GLControl\TGLButton.h">
      <Filter>头文件</Filter>
    </ClInclude>
    <ClInclude Include="GLDialog\TGLMessageBox.h">
      <Filter>头文件</Filter>
    </ClInclude>
    <ClInclude Include="GLDialog\TGLDialog.h">
      <Filter>头文件</Filter>
    </ClInclude>
    <ClInclude Include="GLDialog\TGLEditDialog.h">
      <Filter>头文件</Filter>
    </ClInclude>
    <ClInclude Include="Dialog\GLUsernameDialog.h">
      <Filter>头文件</Filter>
    </ClInclude>
    <ClInclude Include="Dialog\GLNetworkDialog.h">
      <Filter>头文件</Filter>
    </ClInclude>
    <ClInclude Include="Network\MySocket.h">
      <Filter>头文件</Filter>
    </ClInclude>
    <ClInclude Include="ColorConfig.h">
      <Filter>头文件</Filter>
    </ClInclude>
    <ClInclude Include="GLTeamButton.h">
      <Filter>头文件</Filter>
    </ClInclude>
    <ClInclude Include="StringConfig.h">
      <Filter>头文件</Filter>
    </ClInclude>
    <ClInclude Include="GLControl\TGLColorCombo.h">
      <Filter>头文件</Filter>
    </ClInclude>
    <ClInclude Include="Scene\Scene.h">
      <Filter>头文件</Filter>
    </ClInclude>
    <ClInclude Include="Scene\SceneController.h">
      <Filter>头文件</Filter>
    </ClInclude>
    <ClInclude Include="Scene\SceneCover.h">
      <Filter>头文件</Filter>
    </ClInclude>
    <ClInclude Include="Scene\SceneIntro.h">
      <Filter>头文件</Filter>
    </ClInclude>
    <ClInclude Include="Scene\SceneMatch.h">
      <Filter>头文件</Filter>
    </ClInclude>
    <ClInclude Include="Scene\ScenePrepRoom.h">
      <Filter>头文件</Filter>
    </ClInclude>
    <ClInclude Include="Scene\SceneYukiDispr.h">
      <Filter>头文件</Filter>
    </ClInclude>
    <ClInclude Include="AI\GameAI.h">
      <Filter>头文件</Filter>
    </ClInclude>
  </ItemGroup>
  <ItemGroup>
    <ResourceCompile Include="SagittariusIII.rc">
      <Filter>资源文件</Filter>
    </ResourceCompile>
  </ItemGroup>
  <ItemGroup>
    <Image Include="Resource\huruhi.ico">
      <Filter>资源文件</Filter>
    </Image>
  </ItemGroup>
</Project>